// !$*UTF8*$!
{
	archiveVersion = 1;
	classes = {
	};
	objectVersion = 50;
	objects = {

/* Begin PBXBuildFile section */
		44436C8D25A5B4DF00AEBA00 /* AppDelegate.swift in Sources */ = {isa = PBXBuildFile; fileRef = 44436C8C25A5B4DF00AEBA00 /* AppDelegate.swift */; };
		44436C8F25A5B4DF00AEBA00 /* SceneDelegate.swift in Sources */ = {isa = PBXBuildFile; fileRef = 44436C8E25A5B4DF00AEBA00 /* SceneDelegate.swift */; };
		44436C9125A5B4DF00AEBA00 /* ViewController.swift in Sources */ = {isa = PBXBuildFile; fileRef = 44436C9025A5B4DF00AEBA00 /* ViewController.swift */; };
		44436C9425A5B4DF00AEBA00 /* Main.storyboard in Resources */ = {isa = PBXBuildFile; fileRef = 44436C9225A5B4DF00AEBA00 /* Main.storyboard */; };
		44436C9625A5B4E200AEBA00 /* Assets.xcassets in Resources */ = {isa = PBXBuildFile; fileRef = 44436C9525A5B4E200AEBA00 /* Assets.xcassets */; };
		44436C9925A5B4E200AEBA00 /* LaunchScreen.storyboard in Resources */ = {isa = PBXBuildFile; fileRef = 44436C9725A5B4E200AEBA00 /* LaunchScreen.storyboard */; };
		44436CA425A5B4E200AEBA00 /* my_iOS_appTests.swift in Sources */ = {isa = PBXBuildFile; fileRef = 44436CA325A5B4E200AEBA00 /* my_iOS_appTests.swift */; };
		44436CAF25A5B4E200AEBA00 /* my_iOS_appUITests.swift in Sources */ = {isa = PBXBuildFile; fileRef = 44436CAE25A5B4E200AEBA00 /* my_iOS_appUITests.swift */; };
/* End PBXBuildFile section */

/* Begin PBXContainerItemProxy section */
		44436CA025A5B4E200AEBA00 /* PBXContainerItemProxy */ = {
			isa = PBXContainerItemProxy;
			containerPortal = 44436C8125A5B4DF00AEBA00 /* Project object */;
			proxyType = 1;
			remoteGlobalIDString = 44436C8825A5B4DF00AEBA00;
			remoteInfo = "my-iOS-app";
		};
		44436CAB25A5B4E200AEBA00 /* PBXContainerItemProxy */ = {
			isa = PBXContainerItemProxy;
			containerPortal = 44436C8125A5B4DF00AEBA00 /* Project object */;
			proxyType = 1;
			remoteGlobalIDString = 44436C8825A5B4DF00AEBA00;
			remoteInfo = "my-iOS-app";
		};
/* End PBXContainerItemProxy section */

/* Begin PBXFileReference section */
		44436C8925A5B4DF00AEBA00 /* my-iOS-app.app */ = {isa = PBXFileReference; explicitFileType = wrapper.application; includeInIndex = 0; path = "my-iOS-app.app"; sourceTree = BUILT_PRODUCTS_DIR; };
		44436C8C25A5B4DF00AEBA00 /* AppDelegate.swift */ = {isa = PBXFileReference; lastKnownFileType = sourcecode.swift; path = AppDelegate.swift; sourceTree = "<group>"; };
		44436C8E25A5B4DF00AEBA00 /* SceneDelegate.swift */ = {isa = PBXFileReference; lastKnownFileType = sourcecode.swift; path = SceneDelegate.swift; sourceTree = "<group>"; };
		44436C9025A5B4DF00AEBA00 /* ViewController.swift */ = {isa = PBXFileReference; lastKnownFileType = sourcecode.swift; path = ViewController.swift; sourceTree = "<group>"; };
		44436C9325A5B4DF00AEBA00 /* Base */ = {isa = PBXFileReference; lastKnownFileType = file.storyboard; name = Base; path = Base.lproj/Main.storyboard; sourceTree = "<group>"; };
		44436C9525A5B4E200AEBA00 /* Assets.xcassets */ = {isa = PBXFileReference; lastKnownFileType = folder.assetcatalog; path = Assets.xcassets; sourceTree = "<group>"; };
		44436C9825A5B4E200AEBA00 /* Base */ = {isa = PBXFileReference; lastKnownFileType = file.storyboard; name = Base; path = Base.lproj/LaunchScreen.storyboard; sourceTree = "<group>"; };
		44436C9A25A5B4E200AEBA00 /* Info.plist */ = {isa = PBXFileReference; lastKnownFileType = text.plist.xml; path = Info.plist; sourceTree = "<group>"; };
		44436C9F25A5B4E200AEBA00 /* my-iOS-appTests.xctest */ = {isa = PBXFileReference; explicitFileType = wrapper.cfbundle; includeInIndex = 0; path = "my-iOS-appTests.xctest"; sourceTree = BUILT_PRODUCTS_DIR; };
		44436CA325A5B4E200AEBA00 /* my_iOS_appTests.swift */ = {isa = PBXFileReference; lastKnownFileType = sourcecode.swift; path = my_iOS_appTests.swift; sourceTree = "<group>"; };
		44436CA525A5B4E200AEBA00 /* Info.plist */ = {isa = PBXFileReference; lastKnownFileType = text.plist.xml; path = Info.plist; sourceTree = "<group>"; };
		44436CAA25A5B4E200AEBA00 /* my-iOS-appUITests.xctest */ = {isa = PBXFileReference; explicitFileType = wrapper.cfbundle; includeInIndex = 0; path = "my-iOS-appUITests.xctest"; sourceTree = BUILT_PRODUCTS_DIR; };
		44436CAE25A5B4E200AEBA00 /* my_iOS_appUITests.swift */ = {isa = PBXFileReference; lastKnownFileType = sourcecode.swift; path = my_iOS_appUITests.swift; sourceTree = "<group>"; };
		44436CB025A5B4E200AEBA00 /* Info.plist */ = {isa = PBXFileReference; lastKnownFileType = text.plist.xml; path = Info.plist; sourceTree = "<group>"; };
/* End PBXFileReference section */

/* Begin PBXFrameworksBuildPhase section */
		44436C8625A5B4DF00AEBA00 /* Frameworks */ = {
			isa = PBXFrameworksBuildPhase;
			buildActionMask = 2147483647;
			files = (
			);
			runOnlyForDeploymentPostprocessing = 0;
		};
		44436C9C25A5B4E200AEBA00 /* Frameworks */ = {
			isa = PBXFrameworksBuildPhase;
			buildActionMask = 2147483647;
			files = (
			);
			runOnlyForDeploymentPostprocessing = 0;
		};
		44436CA725A5B4E200AEBA00 /* Frameworks */ = {
			isa = PBXFrameworksBuildPhase;
			buildActionMask = 2147483647;
			files = (
			);
			runOnlyForDeploymentPostprocessing = 0;
		};
/* End PBXFrameworksBuildPhase section */

/* Begin PBXGroup section */
		44436C8025A5B4DF00AEBA00 = {
			isa = PBXGroup;
			children = (
				44436C8B25A5B4DF00AEBA00 /* my-iOS-app */,
				44436CA225A5B4E200AEBA00 /* my-iOS-appTests */,
				44436CAD25A5B4E200AEBA00 /* my-iOS-appUITests */,
				44436C8A25A5B4DF00AEBA00 /* Products */,
			);
			sourceTree = "<group>";
		};
		44436C8A25A5B4DF00AEBA00 /* Products */ = {
			isa = PBXGroup;
			children = (
				44436C8925A5B4DF00AEBA00 /* my-iOS-app.app */,
				44436C9F25A5B4E200AEBA00 /* my-iOS-appTests.xctest */,
				44436CAA25A5B4E200AEBA00 /* my-iOS-appUITests.xctest */,
			);
			name = Products;
			sourceTree = "<group>";
		};
		44436C8B25A5B4DF00AEBA00 /* my-iOS-app */ = {
			isa = PBXGroup;
			children = (
				44436C8C25A5B4DF00AEBA00 /* AppDelegate.swift */,
				44436C8E25A5B4DF00AEBA00 /* SceneDelegate.swift */,
				44436C9025A5B4DF00AEBA00 /* ViewController.swift */,
				44436C9225A5B4DF00AEBA00 /* Main.storyboard */,
				44436C9525A5B4E200AEBA00 /* Assets.xcassets */,
				44436C9725A5B4E200AEBA00 /* LaunchScreen.storyboard */,
				44436C9A25A5B4E200AEBA00 /* Info.plist */,
			);
			path = "my-iOS-app";
			sourceTree = "<group>";
		};
		44436CA225A5B4E200AEBA00 /* my-iOS-appTests */ = {
			isa = PBXGroup;
			children = (
				44436CA325A5B4E200AEBA00 /* my_iOS_appTests.swift */,
				44436CA525A5B4E200AEBA00 /* Info.plist */,
			);
			path = "my-iOS-appTests";
			sourceTree = "<group>";
		};
		44436CAD25A5B4E200AEBA00 /* my-iOS-appUITests */ = {
			isa = PBXGroup;
			children = (
				44436CAE25A5B4E200AEBA00 /* my_iOS_appUITests.swift */,
				44436CB025A5B4E200AEBA00 /* Info.plist */,
			);
			path = "my-iOS-appUITests";
			sourceTree = "<group>";
		};
/* End PBXGroup section */

/* Begin PBXNativeTarget section */
		44436C8825A5B4DF00AEBA00 /* my-iOS-app */ = {
			isa = PBXNativeTarget;
			buildConfigurationList = 44436CB325A5B4E200AEBA00 /* Build configuration list for PBXNativeTarget "my-iOS-app" */;
			buildPhases = (
				44436C8525A5B4DF00AEBA00 /* Sources */,
				44436C8625A5B4DF00AEBA00 /* Frameworks */,
				44436C8725A5B4DF00AEBA00 /* Resources */,
			);
			buildRules = (
			);
			dependencies = (
			);
			name = "my-iOS-app";
			productName = "my-iOS-app";
			productReference = 44436C8925A5B4DF00AEBA00 /* my-iOS-app.app */;
			productType = "com.apple.product-type.application";
		};
		44436C9E25A5B4E200AEBA00 /* my-iOS-appTests */ = {
			isa = PBXNativeTarget;
			buildConfigurationList = 44436CB625A5B4E200AEBA00 /* Build configuration list for PBXNativeTarget "my-iOS-appTests" */;
			buildPhases = (
				44436C9B25A5B4E200AEBA00 /* Sources */,
				44436C9C25A5B4E200AEBA00 /* Frameworks */,
				44436C9D25A5B4E200AEBA00 /* Resources */,
			);
			buildRules = (
			);
			dependencies = (
				44436CA125A5B4E200AEBA00 /* PBXTargetDependency */,
			);
			name = "my-iOS-appTests";
			productName = "my-iOS-appTests";
			productReference = 44436C9F25A5B4E200AEBA00 /* my-iOS-appTests.xctest */;
			productType = "com.apple.product-type.bundle.unit-test";
		};
		44436CA925A5B4E200AEBA00 /* my-iOS-appUITests */ = {
			isa = PBXNativeTarget;
			buildConfigurationList = 44436CB925A5B4E200AEBA00 /* Build configuration list for PBXNativeTarget "my-iOS-appUITests" */;
			buildPhases = (
				44436CA625A5B4E200AEBA00 /* Sources */,
				44436CA725A5B4E200AEBA00 /* Frameworks */,
				44436CA825A5B4E200AEBA00 /* Resources */,
			);
			buildRules = (
			);
			dependencies = (
				44436CAC25A5B4E200AEBA00 /* PBXTargetDependency */,
			);
			name = "my-iOS-appUITests";
			productName = "my-iOS-appUITests";
			productReference = 44436CAA25A5B4E200AEBA00 /* my-iOS-appUITests.xctest */;
			productType = "com.apple.product-type.bundle.ui-testing";
		};
/* End PBXNativeTarget section */

/* Begin PBXProject section */
		44436C8125A5B4DF00AEBA00 /* Project object */ = {
			isa = PBXProject;
			attributes = {
				LastSwiftUpdateCheck = 1230;
				LastUpgradeCheck = 1230;
				TargetAttributes = {
					44436C8825A5B4DF00AEBA00 = {
						CreatedOnToolsVersion = 12.3;
					};
					44436C9E25A5B4E200AEBA00 = {
						CreatedOnToolsVersion = 12.3;
						TestTargetID = 44436C8825A5B4DF00AEBA00;
					};
					44436CA925A5B4E200AEBA00 = {
						CreatedOnToolsVersion = 12.3;
						TestTargetID = 44436C8825A5B4DF00AEBA00;
					};
				};
			};
			buildConfigurationList = 44436C8425A5B4DF00AEBA00 /* Build configuration list for PBXProject "my-iOS-app" */;
			compatibilityVersion = "Xcode 9.3";
			developmentRegion = en;
			hasScannedForEncodings = 0;
			knownRegions = (
				en,
				Base,
			);
			mainGroup = 44436C8025A5B4DF00AEBA00;
			productRefGroup = 44436C8A25A5B4DF00AEBA00 /* Products */;
			projectDirPath = "";
			projectRoot = "";
			targets = (
				44436C8825A5B4DF00AEBA00 /* my-iOS-app */,
				44436C9E25A5B4E200AEBA00 /* my-iOS-appTests */,
				44436CA925A5B4E200AEBA00 /* my-iOS-appUITests */,
			);
		};
/* End PBXProject section */

/* Begin PBXResourcesBuildPhase section */
		44436C8725A5B4DF00AEBA00 /* Resources */ = {
			isa = PBXResourcesBuildPhase;
			buildActionMask = 2147483647;
			files = (
				44436C9925A5B4E200AEBA00 /* LaunchScreen.storyboard in Resources */,
				44436C9625A5B4E200AEBA00 /* Assets.xcassets in Resources */,
				44436C9425A5B4DF00AEBA00 /* Main.storyboard in Resources */,
			);
			runOnlyForDeploymentPostprocessing = 0;
		};
		44436C9D25A5B4E200AEBA00 /* Resources */ = {
			isa = PBXResourcesBuildPhase;
			buildActionMask = 2147483647;
			files = (
			);
			runOnlyForDeploymentPostprocessing = 0;
		};
		44436CA825A5B4E200AEBA00 /* Resources */ = {
			isa = PBXResourcesBuildPhase;
			buildActionMask = 2147483647;
			files = (
			);
			runOnlyForDeploymentPostprocessing = 0;
		};
/* End PBXResourcesBuildPhase section */

/* Begin PBXSourcesBuildPhase section */
		44436C8525A5B4DF00AEBA00 /* Sources */ = {
			isa = PBXSourcesBuildPhase;
			buildActionMask = 2147483647;
			files = (
				44436C9125A5B4DF00AEBA00 /* ViewController.swift in Sources */,
				44436C8D25A5B4DF00AEBA00 /* AppDelegate.swift in Sources */,
				44436C8F25A5B4DF00AEBA00 /* SceneDelegate.swift in Sources */,
			);
			runOnlyForDeploymentPostprocessing = 0;
		};
		44436C9B25A5B4E200AEBA00 /* Sources */ = {
			isa = PBXSourcesBuildPhase;
			buildActionMask = 2147483647;
			files = (
				44436CA425A5B4E200AEBA00 /* my_iOS_appTests.swift in Sources */,
			);
			runOnlyForDeploymentPostprocessing = 0;
		};
		44436CA625A5B4E200AEBA00 /* Sources */ = {
			isa = PBXSourcesBuildPhase;
			buildActionMask = 2147483647;
			files = (
				44436CAF25A5B4E200AEBA00 /* my_iOS_appUITests.swift in Sources */,
			);
			runOnlyForDeploymentPostprocessing = 0;
		};
/* End PBXSourcesBuildPhase section */

/* Begin PBXTargetDependency section */
		44436CA125A5B4E200AEBA00 /* PBXTargetDependency */ = {
			isa = PBXTargetDependency;
			target = 44436C8825A5B4DF00AEBA00 /* my-iOS-app */;
			targetProxy = 44436CA025A5B4E200AEBA00 /* PBXContainerItemProxy */;
		};
		44436CAC25A5B4E200AEBA00 /* PBXTargetDependency */ = {
			isa = PBXTargetDependency;
			target = 44436C8825A5B4DF00AEBA00 /* my-iOS-app */;
			targetProxy = 44436CAB25A5B4E200AEBA00 /* PBXContainerItemProxy */;
		};
/* End PBXTargetDependency section */

/* Begin PBXVariantGroup section */
		44436C9225A5B4DF00AEBA00 /* Main.storyboard */ = {
			isa = PBXVariantGroup;
			children = (
				44436C9325A5B4DF00AEBA00 /* Base */,
			);
			name = Main.storyboard;
			sourceTree = "<group>";
		};
		44436C9725A5B4E200AEBA00 /* LaunchScreen.storyboard */ = {
			isa = PBXVariantGroup;
			children = (
				44436C9825A5B4E200AEBA00 /* Base */,
			);
			name = LaunchScreen.storyboard;
			sourceTree = "<group>";
		};
/* End PBXVariantGroup section */

/* Begin XCBuildConfiguration section */
		44436CB125A5B4E200AEBA00 /* Debug */ = {
			isa = XCBuildConfiguration;
			buildSettings = {
				ALWAYS_SEARCH_USER_PATHS = NO;
				CLANG_ANALYZER_NONNULL = YES;
				CLANG_ANALYZER_NUMBER_OBJECT_CONVERSION = YES_AGGRESSIVE;
				CLANG_CXX_LANGUAGE_STANDARD = "gnu++14";
				CLANG_CXX_LIBRARY = "libc++";
				CLANG_ENABLE_MODULES = YES;
				CLANG_ENABLE_OBJC_ARC = YES;
				CLANG_ENABLE_OBJC_WEAK = YES;
				CLANG_WARN_BLOCK_CAPTURE_AUTORELEASING = YES;
				CLANG_WARN_BOOL_CONVERSION = YES;
				CLANG_WARN_COMMA = YES;
				CLANG_WARN_CONSTANT_CONVERSION = YES;
				CLANG_WARN_DEPRECATED_OBJC_IMPLEMENTATIONS = YES;
				CLANG_WARN_DIRECT_OBJC_ISA_USAGE = YES_ERROR;
				CLANG_WARN_DOCUMENTATION_COMMENTS = YES;
				CLANG_WARN_EMPTY_BODY = YES;
				CLANG_WARN_ENUM_CONVERSION = YES;
				CLANG_WARN_INFINITE_RECURSION = YES;
				CLANG_WARN_INT_CONVERSION = YES;
				CLANG_WARN_NON_LITERAL_NULL_CONVERSION = YES;
				CLANG_WARN_OBJC_IMPLICIT_RETAIN_SELF = YES;
				CLANG_WARN_OBJC_LITERAL_CONVERSION = YES;
				CLANG_WARN_OBJC_ROOT_CLASS = YES_ERROR;
				CLANG_WARN_QUOTED_INCLUDE_IN_FRAMEWORK_HEADER = YES;
				CLANG_WARN_RANGE_LOOP_ANALYSIS = YES;
				CLANG_WARN_STRICT_PROTOTYPES = YES;
				CLANG_WARN_SUSPICIOUS_MOVE = YES;
				CLANG_WARN_UNGUARDED_AVAILABILITY = YES_AGGRESSIVE;
				CLANG_WARN_UNREACHABLE_CODE = YES;
				CLANG_WARN__DUPLICATE_METHOD_MATCH = YES;
				COPY_PHASE_STRIP = NO;
				DEBUG_INFORMATION_FORMAT = dwarf;
				ENABLE_STRICT_OBJC_MSGSEND = YES;
				ENABLE_TESTABILITY = YES;
				GCC_C_LANGUAGE_STANDARD = gnu11;
				GCC_DYNAMIC_NO_PIC = NO;
				GCC_NO_COMMON_BLOCKS = YES;
				GCC_OPTIMIZATION_LEVEL = 0;
				GCC_PREPROCESSOR_DEFINITIONS = (
					"DEBUG=1",
					"$(inherited)",
				);
				GCC_WARN_64_TO_32_BIT_CONVERSION = YES;
				GCC_WARN_ABOUT_RETURN_TYPE = YES_ERROR;
				GCC_WARN_UNDECLARED_SELECTOR = YES;
				GCC_WARN_UNINITIALIZED_AUTOS = YES_AGGRESSIVE;
				GCC_WARN_UNUSED_FUNCTION = YES;
				GCC_WARN_UNUSED_VARIABLE = YES;
				IPHONEOS_DEPLOYMENT_TARGET = 14.3;
				MTL_ENABLE_DEBUG_INFO = INCLUDE_SOURCE;
				MTL_FAST_MATH = YES;
				ONLY_ACTIVE_ARCH = YES;
				SDKROOT = iphoneos;
				SWIFT_ACTIVE_COMPILATION_CONDITIONS = DEBUG;
				SWIFT_OPTIMIZATION_LEVEL = "-Onone";
			};
			name = Debug;
		};
		44436CB225A5B4E200AEBA00 /* Release */ = {
			isa = XCBuildConfiguration;
			buildSettings = {
				ALWAYS_SEARCH_USER_PATHS = NO;
				CLANG_ANALYZER_NONNULL = YES;
				CLANG_ANALYZER_NUMBER_OBJECT_CONVERSION = YES_AGGRESSIVE;
				CLANG_CXX_LANGUAGE_STANDARD = "gnu++14";
				CLANG_CXX_LIBRARY = "libc++";
				CLANG_ENABLE_MODULES = YES;
				CLANG_ENABLE_OBJC_ARC = YES;
				CLANG_ENABLE_OBJC_WEAK = YES;
				CLANG_WARN_BLOCK_CAPTURE_AUTORELEASING = YES;
				CLANG_WARN_BOOL_CONVERSION = YES;
				CLANG_WARN_COMMA = YES;
				CLANG_WARN_CONSTANT_CONVERSION = YES;
				CLANG_WARN_DEPRECATED_OBJC_IMPLEMENTATIONS = YES;
				CLANG_WARN_DIRECT_OBJC_ISA_USAGE = YES_ERROR;
				CLANG_WARN_DOCUMENTATION_COMMENTS = YES;
				CLANG_WARN_EMPTY_BODY = YES;
				CLANG_WARN_ENUM_CONVERSION = YES;
				CLANG_WARN_INFINITE_RECURSION = YES;
				CLANG_WARN_INT_CONVERSION = YES;
				CLANG_WARN_NON_LITERAL_NULL_CONVERSION = YES;
				CLANG_WARN_OBJC_IMPLICIT_RETAIN_SELF = YES;
				CLANG_WARN_OBJC_LITERAL_CONVERSION = YES;
				CLANG_WARN_OBJC_ROOT_CLASS = YES_ERROR;
				CLANG_WARN_QUOTED_INCLUDE_IN_FRAMEWORK_HEADER = YES;
				CLANG_WARN_RANGE_LOOP_ANALYSIS = YES;
				CLANG_WARN_STRICT_PROTOTYPES = YES;
				CLANG_WARN_SUSPICIOUS_MOVE = YES;
				CLANG_WARN_UNGUARDED_AVAILABILITY = YES_AGGRESSIVE;
				CLANG_WARN_UNREACHABLE_CODE = YES;
				CLANG_WARN__DUPLICATE_METHOD_MATCH = YES;
				COPY_PHASE_STRIP = NO;
				DEBUG_INFORMATION_FORMAT = "dwarf-with-dsym";
				ENABLE_NS_ASSERTIONS = NO;
				ENABLE_STRICT_OBJC_MSGSEND = YES;
				GCC_C_LANGUAGE_STANDARD = gnu11;
				GCC_NO_COMMON_BLOCKS = YES;
				GCC_WARN_64_TO_32_BIT_CONVERSION = YES;
				GCC_WARN_ABOUT_RETURN_TYPE = YES_ERROR;
				GCC_WARN_UNDECLARED_SELECTOR = YES;
				GCC_WARN_UNINITIALIZED_AUTOS = YES_AGGRESSIVE;
				GCC_WARN_UNUSED_FUNCTION = YES;
				GCC_WARN_UNUSED_VARIABLE = YES;
				IPHONEOS_DEPLOYMENT_TARGET = 14.3;
				MTL_ENABLE_DEBUG_INFO = NO;
				MTL_FAST_MATH = YES;
				SDKROOT = iphoneos;
				SWIFT_COMPILATION_MODE = wholemodule;
				SWIFT_OPTIMIZATION_LEVEL = "-O";
				VALIDATE_PRODUCT = YES;
			};
			name = Release;
		};
		44436CB425A5B4E200AEBA00 /* Debug */ = {
			isa = XCBuildConfiguration;
			buildSettings = {
				ASSETCATALOG_COMPILER_APPICON_NAME = AppIcon;
				ASSETCATALOG_COMPILER_GLOBAL_ACCENT_COLOR_NAME = AccentColor;
				CODE_SIGN_STYLE = Automatic;
				INFOPLIST_FILE = "my-iOS-app/Info.plist";
				LD_RUNPATH_SEARCH_PATHS = (
					"$(inherited)",
					"@executable_path/Frameworks",
				);
				PRODUCT_BUNDLE_IDENTIFIER = "memo.com.my-iOS-app";
				PRODUCT_NAME = "$(TARGET_NAME)";
				SWIFT_VERSION = 5.0;
				TARGETED_DEVICE_FAMILY = "1,2";
			};
			name = Debug;
		};
		44436CB525A5B4E200AEBA00 /* Release */ = {
			isa = XCBuildConfiguration;
			buildSettings = {
				ASSETCATALOG_COMPILER_APPICON_NAME = AppIcon;
				ASSETCATALOG_COMPILER_GLOBAL_ACCENT_COLOR_NAME = AccentColor;
				CODE_SIGN_STYLE = Automatic;
				INFOPLIST_FILE = "my-iOS-app/Info.plist";
				LD_RUNPATH_SEARCH_PATHS = (
					"$(inherited)",
					"@executable_path/Frameworks",
				);
				PRODUCT_BUNDLE_IDENTIFIER = "memo.com.my-iOS-app";
				PRODUCT_NAME = "$(TARGET_NAME)";
				SWIFT_VERSION = 5.0;
				TARGETED_DEVICE_FAMILY = "1,2";
			};
			name = Release;
		};
		44436CB725A5B4E200AEBA00 /* Debug */ = {
			isa = XCBuildConfiguration;
			buildSettings = {
				ALWAYS_EMBED_SWIFT_STANDARD_LIBRARIES = YES;
				BUNDLE_LOADER = "$(TEST_HOST)";
				CODE_SIGN_STYLE = Automatic;
				INFOPLIST_FILE = "my-iOS-appTests/Info.plist";
				IPHONEOS_DEPLOYMENT_TARGET = 14.3;
				LD_RUNPATH_SEARCH_PATHS = (
					"$(inherited)",
					"@executable_path/Frameworks",
					"@loader_path/Frameworks",
				);
				PRODUCT_BUNDLE_IDENTIFIER = "memo.com.my-iOS-appTests";
				PRODUCT_NAME = "$(TARGET_NAME)";
				SWIFT_VERSION = 5.0;
				TARGETED_DEVICE_FAMILY = "1,2";
				TEST_HOST = "$(BUILT_PRODUCTS_DIR)/my-iOS-app.app/my-iOS-app";
			};
			name = Debug;
		};
		44436CB825A5B4E200AEBA00 /* Release */ = {
			isa = XCBuildConfiguration;
			buildSettings = {
				ALWAYS_EMBED_SWIFT_STANDARD_LIBRARIES = YES;
				BUNDLE_LOADER = "$(TEST_HOST)";
				CODE_SIGN_STYLE = Automatic;
				INFOPLIST_FILE = "my-iOS-appTests/Info.plist";
				IPHONEOS_DEPLOYMENT_TARGET = 14.3;
				LD_RUNPATH_SEARCH_PATHS = (
					"$(inherited)",
					"@executable_path/Frameworks",
					"@loader_path/Frameworks",
				);
				PRODUCT_BUNDLE_IDENTIFIER = "memo.com.my-iOS-appTests";
				PRODUCT_NAME = "$(TARGET_NAME)";
				SWIFT_VERSION = 5.0;
				TARGETED_DEVICE_FAMILY = "1,2";
				TEST_HOST = "$(BUILT_PRODUCTS_DIR)/my-iOS-app.app/my-iOS-app";
			};
			name = Release;
		};
		44436CBA25A5B4E200AEBA00 /* Debug */ = {
			isa = XCBuildConfiguration;
			buildSettings = {
				ALWAYS_EMBED_SWIFT_STANDARD_LIBRARIES = YES;
				CODE_SIGN_STYLE = Automatic;
				INFOPLIST_FILE = "my-iOS-appUITests/Info.plist";
				LD_RUNPATH_SEARCH_PATHS = (
					"$(inherited)",
					"@executable_path/Frameworks",
					"@loader_path/Frameworks",
				);
				PRODUCT_BUNDLE_IDENTIFIER = "memo.com.my-iOS-appUITests";
				PRODUCT_NAME = "$(TARGET_NAME)";
				SWIFT_VERSION = 5.0;
				TARGETED_DEVICE_FAMILY = "1,2";
				TEST_TARGET_NAME = "my-iOS-app";
			};
			name = Debug;
		};
		44436CBB25A5B4E200AEBA00 /* Release */ = {
			isa = XCBuildConfiguration;
			buildSettings = {
				ALWAYS_EMBED_SWIFT_STANDARD_LIBRARIES = YES;
				CODE_SIGN_STYLE = Automatic;
				INFOPLIST_FILE = "my-iOS-appUITests/Info.plist";
				LD_RUNPATH_SEARCH_PATHS = (
					"$(inherited)",
					"@executable_path/Frameworks",
					"@loader_path/Frameworks",
				);
				PRODUCT_BUNDLE_IDENTIFIER = "memo.com.my-iOS-appUITests";
				PRODUCT_NAME = "$(TARGET_NAME)";
				SWIFT_VERSION = 5.0;
				TARGETED_DEVICE_FAMILY = "1,2";
				TEST_TARGET_NAME = "my-iOS-app";
			};
			name = Release;
		};
/* End XCBuildConfiguration section */

/* Begin XCConfigurationList section */
		44436C8425A5B4DF00AEBA00 /* Build configuration list for PBXProject "my-iOS-app" */ = {
			isa = XCConfigurationList;
			buildConfigurations = (
				44436CB125A5B4E200AEBA00 /* Debug */,
				44436CB225A5B4E200AEBA00 /* Release */,
			);
			defaultConfigurationIsVisible = 0;
			defaultConfigurationName = Release;
		};
		44436CB325A5B4E200AEBA00 /* Build configuration list for PBXNativeTarget "my-iOS-app" */ = {
			isa = XCConfigurationList;
			buildConfigurations = (
				44436CB425A5B4E200AEBA00 /* Debug */,
				44436CB525A5B4E200AEBA00 /* Release */,
			);
			defaultConfigurationIsVisible = 0;
			defaultConfigurationName = Release;
		};
		44436CB625A5B4E200AEBA00 /* Build configuration list for PBXNativeTarget "my-iOS-appTests" */ = {
			isa = XCConfigurationList;
			buildConfigurations = (
				44436CB725A5B4E200AEBA00 /* Debug */,
				44436CB825A5B4E200AEBA00 /* Release */,
			);
			defaultConfigurationIsVisible = 0;
			defaultConfigurationName = Release;
		};
		44436CB925A5B4E200AEBA00 /* Build configuration list for PBXNativeTarget "my-iOS-appUITests" */ = {
			isa = XCConfigurationList;
			buildConfigurations = (
				44436CBA25A5B4E200AEBA00 /* Debug */,
				44436CBB25A5B4E200AEBA00 /* Release */,
			);
			defaultConfigurationIsVisible = 0;
			defaultConfigurationName = Release;
		};
/* End XCConfigurationList section */
	};
	rootObject = 44436C8125A5B4DF00AEBA00 /* Project object */;
}
